// !$*UTF8*$!
{
	archiveVersion = 1;
	classes = {
	};
	objectVersion = 77;
	objects = {

/* Begin PBXBuildFile section */
		701FDADE2DC153370050BA7B /* FirebaseAuth in Frameworks */ = {isa = PBXBuildFile; productRef = 701FDADD2DC153370050BA7B /* FirebaseAuth */; };
		701FDAE02DC153370050BA7B /* FirebaseFirestore in Frameworks */ = {isa = PBXBuildFile; productRef = 701FDADF2DC153370050BA7B /* FirebaseFirestore */; };
/* End PBXBuildFile section */

/* Begin PBXContainerItemProxy section */
		701FDAC02DC14FB50050BA7B /* PBXContainerItemProxy */ = {
			isa = PBXContainerItemProxy;
			containerPortal = 701FDAA72DC14FB20050BA7B /* Project object */;
			proxyType = 1;
			remoteGlobalIDString = 701FDAAE2DC14FB20050BA7B;
			remoteInfo = "VitaminList-app";
		};
		701FDACA2DC14FB50050BA7B /* PBXContainerItemProxy */ = {
			isa = PBXContainerItemProxy;
			containerPortal = 701FDAA72DC14FB20050BA7B /* Project object */;
			proxyType = 1;
			remoteGlobalIDString = 701FDAAE2DC14FB20050BA7B;
			remoteInfo = "VitaminList-app";
		};
/* End PBXContainerItemProxy section */

/* Begin PBXFileReference section */
		701FDAAF2DC14FB20050BA7B /* VitaminList-app.app */ = {isa = PBXFileReference; explicitFileType = wrapper.application; includeInIndex = 0; path = "VitaminList-app.app"; sourceTree = BUILT_PRODUCTS_DIR; };
		701FDABF2DC14FB50050BA7B /* VitaminList-appTests.xctest */ = {isa = PBXFileReference; explicitFileType = wrapper.cfbundle; includeInIndex = 0; path = "VitaminList-appTests.xctest"; sourceTree = BUILT_PRODUCTS_DIR; };
		701FDAC92DC14FB50050BA7B /* VitaminList-appUITests.xctest */ = {isa = PBXFileReference; explicitFileType = wrapper.cfbundle; includeInIndex = 0; path = "VitaminList-appUITests.xctest"; sourceTree = BUILT_PRODUCTS_DIR; };
/* End PBXFileReference section */

/* Begin PBXFileSystemSynchronizedRootGroup section */
		701FDAB12DC14FB20050BA7B /* VitaminList-app */ = {
			isa = PBXFileSystemSynchronizedRootGroup;
			path = "VitaminList-app";
			sourceTree = "<group>";
		};
		701FDAC22DC14FB50050BA7B /* VitaminList-appTests */ = {
			isa = PBXFileSystemSynchronizedRootGroup;
			path = "VitaminList-appTests";
			sourceTree = "<group>";
		};
		701FDACC2DC14FB50050BA7B /* VitaminList-appUITests */ = {
			isa = PBXFileSystemSynchronizedRootGroup;
			path = "VitaminList-appUITests";
			sourceTree = "<group>";
		};
/* End PBXFileSystemSynchronizedRootGroup section */

/* Begin PBXFrameworksBuildPhase section */
		701FDAAC2DC14FB20050BA7B /* Frameworks */ = {
			isa = PBXFrameworksBuildPhase;
			buildActionMask = 2147483647;
			files = (
				701FDADE2DC153370050BA7B /* FirebaseAuth in Frameworks */,
				701FDAE02DC153370050BA7B /* FirebaseFirestore in Frameworks */,
			);
			runOnlyForDeploymentPostprocessing = 0;
		};
		701FDABC2DC14FB50050BA7B /* Frameworks */ = {
			isa = PBXFrameworksBuildPhase;
			buildActionMask = 2147483647;
			files = (
			);
			runOnlyForDeploymentPostprocessing = 0;
		};
		701FDAC62DC14FB50050BA7B /* Frameworks */ = {
			isa = PBXFrameworksBuildPhase;
			buildActionMask = 2147483647;
			files = (
			);
			runOnlyForDeploymentPostprocessing = 0;
		};
/* End PBXFrameworksBuildPhase section */

/* Begin PBXGroup section */
		701FDAA62DC14FB20050BA7B = {
			isa = PBXGroup;
			children = (
				701FDAB12DC14FB20050BA7B /* VitaminList-app */,
				701FDAC22DC14FB50050BA7B /* VitaminList-appTests */,
				701FDACC2DC14FB50050BA7B /* VitaminList-appUITests */,
				701FDAB02DC14FB20050BA7B /* Products */,
			);
			sourceTree = "<group>";
		};
		701FDAB02DC14FB20050BA7B /* Products */ = {
			isa = PBXGroup;
			children = (
				701FDAAF2DC14FB20050BA7B /* VitaminList-app.app */,
				701FDABF2DC14FB50050BA7B /* VitaminList-appTests.xctest */,
				701FDAC92DC14FB50050BA7B /* VitaminList-appUITests.xctest */,
			);
			name = Products;
			sourceTree = "<group>";
		};
/* End PBXGroup section */

/* Begin PBXNativeTarget section */
		701FDAAE2DC14FB20050BA7B /* VitaminList-app */ = {
			isa = PBXNativeTarget;
			buildConfigurationList = 701FDAD32DC14FB50050BA7B /* Build configuration list for PBXNativeTarget "VitaminList-app" */;
			buildPhases = (
				701FDAAB2DC14FB20050BA7B /* Sources */,
				701FDAAC2DC14FB20050BA7B /* Frameworks */,
				701FDAAD2DC14FB20050BA7B /* Resources */,
			);
			buildRules = (
			);
			dependencies = (
			);
			fileSystemSynchronizedGroups = (
				701FDAB12DC14FB20050BA7B /* VitaminList-app */,
			);
			name = "VitaminList-app";
			packageProductDependencies = (
				701FDADD2DC153370050BA7B /* FirebaseAuth */,
				701FDADF2DC153370050BA7B /* FirebaseFirestore */,
			);
			productName = "VitaminList-app";
			productReference = 701FDAAF2DC14FB20050BA7B /* VitaminList-app.app */;
			productType = "com.apple.product-type.application";
		};
		701FDABE2DC14FB50050BA7B /* VitaminList-appTests */ = {
			isa = PBXNativeTarget;
			buildConfigurationList = 701FDAD62DC14FB50050BA7B /* Build configuration list for PBXNativeTarget "VitaminList-appTests" */;
			buildPhases = (
				701FDABB2DC14FB50050BA7B /* Sources */,
				701FDABC2DC14FB50050BA7B /* Frameworks */,
				701FDABD2DC14FB50050BA7B /* Resources */,
			);
			buildRules = (
			);
			dependencies = (
				701FDAC12DC14FB50050BA7B /* PBXTargetDependency */,
			);
			fileSystemSynchronizedGroups = (
				701FDAC22DC14FB50050BA7B /* VitaminList-appTests */,
			);
			name = "VitaminList-appTests";
			packageProductDependencies = (
			);
			productName = "VitaminList-appTests";
			productReference = 701FDABF2DC14FB50050BA7B /* VitaminList-appTests.xctest */;
			productType = "com.apple.product-type.bundle.unit-test";
		};
		701FDAC82DC14FB50050BA7B /* VitaminList-appUITests */ = {
			isa = PBXNativeTarget;
			buildConfigurationList = 701FDAD92DC14FB50050BA7B /* Build configuration list for PBXNativeTarget "VitaminList-appUITests" */;
			buildPhases = (
				701FDAC52DC14FB50050BA7B /* Sources */,
				701FDAC62DC14FB50050BA7B /* Frameworks */,
				701FDAC72DC14FB50050BA7B /* Resources */,
			);
			buildRules = (
			);
			dependencies = (
				701FDACB2DC14FB50050BA7B /* PBXTargetDependency */,
			);
			fileSystemSynchronizedGroups = (
				701FDACC2DC14FB50050BA7B /* VitaminList-appUITests */,
			);
			name = "VitaminList-appUITests";
			packageProductDependencies = (
			);
			productName = "VitaminList-appUITests";
			productReference = 701FDAC92DC14FB50050BA7B /* VitaminList-appUITests.xctest */;
			productType = "com.apple.product-type.bundle.ui-testing";
		};
/* End PBXNativeTarget section */

/* Begin PBXProject section */
		701FDAA72DC14FB20050BA7B /* Project object */ = {
			isa = PBXProject;
			attributes = {
				BuildIndependentTargetsInParallel = 1;
				LastSwiftUpdateCheck = 1620;
				LastUpgradeCheck = 1620;
				TargetAttributes = {
					701FDAAE2DC14FB20050BA7B = {
						CreatedOnToolsVersion = 16.2;
					};
					701FDABE2DC14FB50050BA7B = {
						CreatedOnToolsVersion = 16.2;
						TestTargetID = 701FDAAE2DC14FB20050BA7B;
					};
					701FDAC82DC14FB50050BA7B = {
						CreatedOnToolsVersion = 16.2;
						TestTargetID = 701FDAAE2DC14FB20050BA7B;
					};
				};
			};
			buildConfigurationList = 701FDAAA2DC14FB20050BA7B /* Build configuration list for PBXProject "VitaminList-app" */;
			developmentRegion = en;
			hasScannedForEncodings = 0;
			knownRegions = (
				en,
				Base,
			);
			mainGroup = 701FDAA62DC14FB20050BA7B;
			minimizedProjectReferenceProxies = 1;
			packageReferences = (
				701FDADC2DC153370050BA7B /* XCRemoteSwiftPackageReference "firebase-ios-sdk" */,
			);
			preferredProjectObjectVersion = 77;
			productRefGroup = 701FDAB02DC14FB20050BA7B /* Products */;
			projectDirPath = "";
			projectRoot = "";
			targets = (
				701FDAAE2DC14FB20050BA7B /* VitaminList-app */,
				701FDABE2DC14FB50050BA7B /* VitaminList-appTests */,
				701FDAC82DC14FB50050BA7B /* VitaminList-appUITests */,
			);
		};
/* End PBXProject section */

/* Begin PBXResourcesBuildPhase section */
		701FDAAD2DC14FB20050BA7B /* Resources */ = {
			isa = PBXResourcesBuildPhase;
			buildActionMask = 2147483647;
			files = (
			);
			runOnlyForDeploymentPostprocessing = 0;
		};
		701FDABD2DC14FB50050BA7B /* Resources */ = {
			isa = PBXResourcesBuildPhase;
			buildActionMask = 2147483647;
			files = (
			);
			runOnlyForDeploymentPostprocessing = 0;
		};
		701FDAC72DC14FB50050BA7B /* Resources */ = {
			isa = PBXResourcesBuildPhase;
			buildActionMask = 2147483647;
			files = (
			);
			runOnlyForDeploymentPostprocessing = 0;
		};
/* End PBXResourcesBuildPhase section */

/* Begin PBXSourcesBuildPhase section */
		701FDAAB2DC14FB20050BA7B /* Sources */ = {
			isa = PBXSourcesBuildPhase;
			buildActionMask = 2147483647;
			files = (
			);
			runOnlyForDeploymentPostprocessing = 0;
		};
		701FDABB2DC14FB50050BA7B /* Sources */ = {
			isa = PBXSourcesBuildPhase;
			buildActionMask = 2147483647;
			files = (
			);
			runOnlyForDeploymentPostprocessing = 0;
		};
		701FDAC52DC14FB50050BA7B /* Sources */ = {
			isa = PBXSourcesBuildPhase;
			buildActionMask = 2147483647;
			files = (
			);
			runOnlyForDeploymentPostprocessing = 0;
		};
/* End PBXSourcesBuildPhase section */

/* Begin PBXTargetDependency section */
		701FDAC12DC14FB50050BA7B /* PBXTargetDependency */ = {
			isa = PBXTargetDependency;
			target = 701FDAAE2DC14FB20050BA7B /* VitaminList-app */;
			targetProxy = 701FDAC02DC14FB50050BA7B /* PBXContainerItemProxy */;
		};
		701FDACB2DC14FB50050BA7B /* PBXTargetDependency */ = {
			isa = PBXTargetDependency;
			target = 701FDAAE2DC14FB20050BA7B /* VitaminList-app */;
			targetProxy = 701FDACA2DC14FB50050BA7B /* PBXContainerItemProxy */;
		};
/* End PBXTargetDependency section */

/* Begin XCBuildConfiguration section */
		701FDAD12DC14FB50050BA7B /* Debug */ = {
			isa = XCBuildConfiguration;
			buildSettings = {
				ALWAYS_SEARCH_USER_PATHS = NO;
				ASSETCATALOG_COMPILER_GENERATE_SWIFT_ASSET_SYMBOL_EXTENSIONS = YES;
				CLANG_ANALYZER_NONNULL = YES;
				CLANG_ANALYZER_NUMBER_OBJECT_CONVERSION = YES_AGGRESSIVE;
				CLANG_CXX_LANGUAGE_STANDARD = "gnu++20";
				CLANG_ENABLE_MODULES = YES;
				CLANG_ENABLE_OBJC_ARC = YES;
				CLANG_ENABLE_OBJC_WEAK = YES;
				CLANG_WARN_BLOCK_CAPTURE_AUTORELEASING = YES;
				CLANG_WARN_BOOL_CONVERSION = YES;
				CLANG_WARN_COMMA = YES;
				CLANG_WARN_CONSTANT_CONVERSION = YES;
				CLANG_WARN_DEPRECATED_OBJC_IMPLEMENTATIONS = YES;
				CLANG_WARN_DIRECT_OBJC_ISA_USAGE = YES_ERROR;
				CLANG_WARN_DOCUMENTATION_COMMENTS = YES;
				CLANG_WARN_EMPTY_BODY = YES;
				CLANG_WARN_ENUM_CONVERSION = YES;
				CLANG_WARN_INFINITE_RECURSION = YES;
				CLANG_WARN_INT_CONVERSION = YES;
				CLANG_WARN_NON_LITERAL_NULL_CONVERSION = YES;
				CLANG_WARN_OBJC_IMPLICIT_RETAIN_SELF = YES;
				CLANG_WARN_OBJC_LITERAL_CONVERSION = YES;
				CLANG_WARN_OBJC_ROOT_CLASS = YES_ERROR;
				CLANG_WARN_QUOTED_INCLUDE_IN_FRAMEWORK_HEADER = YES;
				CLANG_WARN_RANGE_LOOP_ANALYSIS = YES;
				CLANG_WARN_STRICT_PROTOTYPES = YES;
				CLANG_WARN_SUSPICIOUS_MOVE = YES;
				CLANG_WARN_UNGUARDED_AVAILABILITY = YES_AGGRESSIVE;
				CLANG_WARN_UNREACHABLE_CODE = YES;
				CLANG_WARN__DUPLICATE_METHOD_MATCH = YES;
				COPY_PHASE_STRIP = NO;
				DEBUG_INFORMATION_FORMAT = dwarf;
				ENABLE_STRICT_OBJC_MSGSEND = YES;
				ENABLE_TESTABILITY = YES;
				ENABLE_USER_SCRIPT_SANDBOXING = YES;
				GCC_C_LANGUAGE_STANDARD = gnu17;
				GCC_DYNAMIC_NO_PIC = NO;
				GCC_NO_COMMON_BLOCKS = YES;
				GCC_OPTIMIZATION_LEVEL = 0;
				GCC_PREPROCESSOR_DEFINITIONS = (
					"DEBUG=1",
					"$(inherited)",
				);
				GCC_WARN_64_TO_32_BIT_CONVERSION = YES;
				GCC_WARN_ABOUT_RETURN_TYPE = YES_ERROR;
				GCC_WARN_UNDECLARED_SELECTOR = YES;
				GCC_WARN_UNINITIALIZED_AUTOS = YES_AGGRESSIVE;
				GCC_WARN_UNUSED_FUNCTION = YES;
				GCC_WARN_UNUSED_VARIABLE = YES;
				IPHONEOS_DEPLOYMENT_TARGET = 18.2;
				LOCALIZATION_PREFERS_STRING_CATALOGS = YES;
				MTL_ENABLE_DEBUG_INFO = INCLUDE_SOURCE;
				MTL_FAST_MATH = YES;
				ONLY_ACTIVE_ARCH = YES;
				SDKROOT = iphoneos;
				SWIFT_ACTIVE_COMPILATION_CONDITIONS = "DEBUG $(inherited)";
				SWIFT_OPTIMIZATION_LEVEL = "-Onone";
			};
			name = Debug;
		};
		701FDAD22DC14FB50050BA7B /* Release */ = {
			isa = XCBuildConfiguration;
			buildSettings = {
				ALWAYS_SEARCH_USER_PATHS = NO;
				ASSETCATALOG_COMPILER_GENERATE_SWIFT_ASSET_SYMBOL_EXTENSIONS = YES;
				CLANG_ANALYZER_NONNULL = YES;
				CLANG_ANALYZER_NUMBER_OBJECT_CONVERSION = YES_AGGRESSIVE;
				CLANG_CXX_LANGUAGE_STANDARD = "gnu++20";
				CLANG_ENABLE_MODULES = YES;
				CLANG_ENABLE_OBJC_ARC = YES;
				CLANG_ENABLE_OBJC_WEAK = YES;
				CLANG_WARN_BLOCK_CAPTURE_AUTORELEASING = YES;
				CLANG_WARN_BOOL_CONVERSION = YES;
				CLANG_WARN_COMMA = YES;
				CLANG_WARN_CONSTANT_CONVERSION = YES;
				CLANG_WARN_DEPRECATED_OBJC_IMPLEMENTATIONS = YES;
				CLANG_WARN_DIRECT_OBJC_ISA_USAGE = YES_ERROR;
				CLANG_WARN_DOCUMENTATION_COMMENTS = YES;
				CLANG_WARN_EMPTY_BODY = YES;
				CLANG_WARN_ENUM_CONVERSION = YES;
				CLANG_WARN_INFINITE_RECURSION = YES;
				CLANG_WARN_INT_CONVERSION = YES;
				CLANG_WARN_NON_LITERAL_NULL_CONVERSION = YES;
				CLANG_WARN_OBJC_IMPLICIT_RETAIN_SELF = YES;
				CLANG_WARN_OBJC_LITERAL_CONVERSION = YES;
				CLANG_WARN_OBJC_ROOT_CLASS = YES_ERROR;
				CLANG_WARN_QUOTED_INCLUDE_IN_FRAMEWORK_HEADER = YES;
				CLANG_WARN_RANGE_LOOP_ANALYSIS = YES;
				CLANG_WARN_STRICT_PROTOTYPES = YES;
				CLANG_WARN_SUSPICIOUS_MOVE = YES;
				CLANG_WARN_UNGUARDED_AVAILABILITY = YES_AGGRESSIVE;
				CLANG_WARN_UNREACHABLE_CODE = YES;
				CLANG_WARN__DUPLICATE_METHOD_MATCH = YES;
				COPY_PHASE_STRIP = NO;
				DEBUG_INFORMATION_FORMAT = "dwarf-with-dsym";
				ENABLE_NS_ASSERTIONS = NO;
				ENABLE_STRICT_OBJC_MSGSEND = YES;
				ENABLE_USER_SCRIPT_SANDBOXING = YES;
				GCC_C_LANGUAGE_STANDARD = gnu17;
				GCC_NO_COMMON_BLOCKS = YES;
				GCC_WARN_64_TO_32_BIT_CONVERSION = YES;
				GCC_WARN_ABOUT_RETURN_TYPE = YES_ERROR;
				GCC_WARN_UNDECLARED_SELECTOR = YES;
				GCC_WARN_UNINITIALIZED_AUTOS = YES_AGGRESSIVE;
				GCC_WARN_UNUSED_FUNCTION = YES;
				GCC_WARN_UNUSED_VARIABLE = YES;
				IPHONEOS_DEPLOYMENT_TARGET = 18.2;
				LOCALIZATION_PREFERS_STRING_CATALOGS = YES;
				MTL_ENABLE_DEBUG_INFO = NO;
				MTL_FAST_MATH = YES;
				SDKROOT = iphoneos;
				SWIFT_COMPILATION_MODE = wholemodule;
				VALIDATE_PRODUCT = YES;
			};
			name = Release;
		};
		701FDAD42DC14FB50050BA7B /* Debug */ = {
			isa = XCBuildConfiguration;
			buildSettings = {
				ASSETCATALOG_COMPILER_APPICON_NAME = AppIcon;
				ASSETCATALOG_COMPILER_GLOBAL_ACCENT_COLOR_NAME = AccentColor;
				CODE_SIGN_STYLE = Automatic;
				CURRENT_PROJECT_VERSION = 1;
				DEVELOPMENT_ASSET_PATHS = "\"VitaminList-app/Preview Content\"";
				ENABLE_PREVIEWS = YES;
				GENERATE_INFOPLIST_FILE = YES;
				INFOPLIST_KEY_UIApplicationSceneManifest_Generation = YES;
				INFOPLIST_KEY_UIApplicationSupportsIndirectInputEvents = YES;
				INFOPLIST_KEY_UILaunchScreen_Generation = YES;
				INFOPLIST_KEY_UISupportedInterfaceOrientations_iPad = "UIInterfaceOrientationPortrait UIInterfaceOrientationPortraitUpsideDown UIInterfaceOrientationLandscapeLeft UIInterfaceOrientationLandscapeRight";
				INFOPLIST_KEY_UISupportedInterfaceOrientations_iPhone = "UIInterfaceOrientationPortrait UIInterfaceOrientationLandscapeLeft UIInterfaceOrientationLandscapeRight";
				LD_RUNPATH_SEARCH_PATHS = (
					"$(inherited)",
					"@executable_path/Frameworks",
				);
				MARKETING_VERSION = 1.0;
				PRODUCT_BUNDLE_IDENTIFIER = "com.example.VitaminList-app";
				PRODUCT_NAME = "$(TARGET_NAME)";
				SWIFT_EMIT_LOC_STRINGS = YES;
				SWIFT_VERSION = 5.0;
				TARGETED_DEVICE_FAMILY = "1,2";
			};
			name = Debug;
		};
		701FDAD52DC14FB50050BA7B /* Release */ = {
			isa = XCBuildConfiguration;
			buildSettings = {
				ASSETCATALOG_COMPILER_APPICON_NAME = AppIcon;
				ASSETCATALOG_COMPILER_GLOBAL_ACCENT_COLOR_NAME = AccentColor;
				CODE_SIGN_STYLE = Automatic;
				CURRENT_PROJECT_VERSION = 1;
				DEVELOPMENT_ASSET_PATHS = "\"VitaminList-app/Preview Content\"";
				ENABLE_PREVIEWS = YES;
				GENERATE_INFOPLIST_FILE = YES;
				INFOPLIST_KEY_UIApplicationSceneManifest_Generation = YES;
				INFOPLIST_KEY_UIApplicationSupportsIndirectInputEvents = YES;
				INFOPLIST_KEY_UILaunchScreen_Generation = YES;
				INFOPLIST_KEY_UISupportedInterfaceOrientations_iPad = "UIInterfaceOrientationPortrait UIInterfaceOrientationPortraitUpsideDown UIInterfaceOrientationLandscapeLeft UIInterfaceOrientationLandscapeRight";
				INFOPLIST_KEY_UISupportedInterfaceOrientations_iPhone = "UIInterfaceOrientationPortrait UIInterfaceOrientationLandscapeLeft UIInterfaceOrientationLandscapeRight";
				LD_RUNPATH_SEARCH_PATHS = (
					"$(inherited)",
					"@executable_path/Frameworks",
				);
				MARKETING_VERSION = 1.0;
				PRODUCT_BUNDLE_IDENTIFIER = "com.example.VitaminList-app";
				PRODUCT_NAME = "$(TARGET_NAME)";
				SWIFT_EMIT_LOC_STRINGS = YES;
				SWIFT_VERSION = 5.0;
				TARGETED_DEVICE_FAMILY = "1,2";
			};
			name = Release;
		};
		701FDAD72DC14FB50050BA7B /* Debug */ = {
			isa = XCBuildConfiguration;
			buildSettings = {
				BUNDLE_LOADER = "$(TEST_HOST)";
				CODE_SIGN_STYLE = Automatic;
				CURRENT_PROJECT_VERSION = 1;
				GENERATE_INFOPLIST_FILE = YES;
				IPHONEOS_DEPLOYMENT_TARGET = 18.2;
				MARKETING_VERSION = 1.0;
				PRODUCT_BUNDLE_IDENTIFIER = "com.example.VitaminList-appTests";
				PRODUCT_NAME = "$(TARGET_NAME)";
				SWIFT_EMIT_LOC_STRINGS = NO;
				SWIFT_VERSION = 5.0;
				TARGETED_DEVICE_FAMILY = "1,2";
				TEST_HOST = "$(BUILT_PRODUCTS_DIR)/VitaminList-app.app/$(BUNDLE_EXECUTABLE_FOLDER_PATH)/VitaminList-app";
			};
			name = Debug;
		};
		701FDAD82DC14FB50050BA7B /* Release */ = {
			isa = XCBuildConfiguration;
			buildSettings = {
				BUNDLE_LOADER = "$(TEST_HOST)";
				CODE_SIGN_STYLE = Automatic;
				CURRENT_PROJECT_VERSION = 1;
				GENERATE_INFOPLIST_FILE = YES;
				IPHONEOS_DEPLOYMENT_TARGET = 18.2;
				MARKETING_VERSION = 1.0;
				PRODUCT_BUNDLE_IDENTIFIER = "com.example.VitaminList-appTests";
				PRODUCT_NAME = "$(TARGET_NAME)";
				SWIFT_EMIT_LOC_STRINGS = NO;
				SWIFT_VERSION = 5.0;
				TARGETED_DEVICE_FAMILY = "1,2";
				TEST_HOST = "$(BUILT_PRODUCTS_DIR)/VitaminList-app.app/$(BUNDLE_EXECUTABLE_FOLDER_PATH)/VitaminList-app";
			};
			name = Release;
		};
		701FDADA2DC14FB50050BA7B /* Debug */ = {
			isa = XCBuildConfiguration;
			buildSettings = {
				CODE_SIGN_STYLE = Automatic;
				CURRENT_PROJECT_VERSION = 1;
				GENERATE_INFOPLIST_FILE = YES;
				MARKETING_VERSION = 1.0;
				PRODUCT_BUNDLE_IDENTIFIER = "com.example.VitaminList-appUITests";
				PRODUCT_NAME = "$(TARGET_NAME)";
				SWIFT_EMIT_LOC_STRINGS = NO;
				SWIFT_VERSION = 5.0;
				TARGETED_DEVICE_FAMILY = "1,2";
				TEST_TARGET_NAME = "VitaminList-app";
			};
			name = Debug;
		};
		701FDADB2DC14FB50050BA7B /* Release */ = {
			isa = XCBuildConfiguration;
			buildSettings = {
				CODE_SIGN_STYLE = Automatic;
				CURRENT_PROJECT_VERSION = 1;
				GENERATE_INFOPLIST_FILE = YES;
				MARKETING_VERSION = 1.0;
				PRODUCT_BUNDLE_IDENTIFIER = "com.example.VitaminList-appUITests";
				PRODUCT_NAME = "$(TARGET_NAME)";
				SWIFT_EMIT_LOC_STRINGS = NO;
				SWIFT_VERSION = 5.0;
				TARGETED_DEVICE_FAMILY = "1,2";
				TEST_TARGET_NAME = "VitaminList-app";
			};
			name = Release;
		};
/* End XCBuildConfiguration section */

/* Begin XCConfigurationList section */
		701FDAAA2DC14FB20050BA7B /* Build configuration list for PBXProject "VitaminList-app" */ = {
			isa = XCConfigurationList;
			buildConfigurations = (
				701FDAD12DC14FB50050BA7B /* Debug */,
				701FDAD22DC14FB50050BA7B /* Release */,
			);
			defaultConfigurationIsVisible = 0;
			defaultConfigurationName = Release;
		};
		701FDAD32DC14FB50050BA7B /* Build configuration list for PBXNativeTarget "VitaminList-app" */ = {
			isa = XCConfigurationList;
			buildConfigurations = (
				701FDAD42DC14FB50050BA7B /* Debug */,
				701FDAD52DC14FB50050BA7B /* Release */,
			);
			defaultConfigurationIsVisible = 0;
			defaultConfigurationName = Release;
		};
		701FDAD62DC14FB50050BA7B /* Build configuration list for PBXNativeTarget "VitaminList-appTests" */ = {
			isa = XCConfigurationList;
			buildConfigurations = (
				701FDAD72DC14FB50050BA7B /* Debug */,
				701FDAD82DC14FB50050BA7B /* Release */,
			);
			defaultConfigurationIsVisible = 0;
			defaultConfigurationName = Release;
		};
		701FDAD92DC14FB50050BA7B /* Build configuration list for PBXNativeTarget "VitaminList-appUITests" */ = {
			isa = XCConfigurationList;
			buildConfigurations = (
				701FDADA2DC14FB50050BA7B /* Debug */,
				701FDADB2DC14FB50050BA7B /* Release */,
			);
			defaultConfigurationIsVisible = 0;
			defaultConfigurationName = Release;
		};
/* End XCConfigurationList section */

/* Begin XCRemoteSwiftPackageReference section */
		701FDADC2DC153370050BA7B /* XCRemoteSwiftPackageReference "firebase-ios-sdk" */ = {
			isa = XCRemoteSwiftPackageReference;
			repositoryURL = "https://github.com/firebase/firebase-ios-sdk.git";
			requirement = {
				kind = upToNextMajorVersion;
				minimumVersion = 11.12.0;
			};
		};
/* End XCRemoteSwiftPackageReference section */

/* Begin XCSwiftPackageProductDependency section */
		701FDADD2DC153370050BA7B /* FirebaseAuth */ = {
			isa = XCSwiftPackageProductDependency;
			package = 701FDADC2DC153370050BA7B /* XCRemoteSwiftPackageReference "firebase-ios-sdk" */;
			productName = FirebaseAuth;
		};
		701FDADF2DC153370050BA7B /* FirebaseFirestore */ = {
			isa = XCSwiftPackageProductDependency;
			package = 701FDADC2DC153370050BA7B /* XCRemoteSwiftPackageReference "firebase-ios-sdk" */;
			productName = FirebaseFirestore;
		};
/* End XCSwiftPackageProductDependency section */
	};
	rootObject = 701FDAA72DC14FB20050BA7B /* Project object */;
}
